
Microsoft Visual Studio Solution File, Format Version 12.00
# Visual Studio 15
VisualStudioVersion = 15.0.28010.2016
MinimumVisualStudioVersion = 10.0.40219.1
Project("{FAE04EC0-301F-11D3-BF4B-00C04F79EFBC}") = "Core2Web", "Core2Web\Core2Web.csproj", "{C2E98041-7E6F-498C-B234-3ABAC3C3B38F}"
EndProject
Global
	GlobalSection(SolutionConfigurationPlatforms) = preSolution
		Debug|Any CPU = Debug|Any CPU
		Release|Any CPU = Release|Any CPU
	EndGlobalSection
	GlobalSection(ProjectConfigurationPlatforms) = postSolution
		{C2E98041-7E6F-498C-B234-3ABAC3C3B38F}.Debug|Any CPU.ActiveCfg = Debug|Any CPU
		{C2E98041-7E6F-498C-B234-3ABAC3C3B38F}.Debug|Any CPU.Build.0 = Debug|Any CPU
		{C2E98041-7E6F-498C-B234-3ABAC3C3B38F}.Release|Any CPU.ActiveCfg = Release|Any CPU
		{C2E98041-7E6F-498C-B234-3ABAC3C3B38F}.Release|Any CPU.Build.0 = Release|Any CPU
	EndGlobalSection
	GlobalSection(SolutionProperties) = preSolution
		HideSolutionNode = FALSE
	EndGlobalSection
	GlobalSection(ExtensibilityGlobals) = postSolution
		SolutionGuid = {5D69D36B-7EA0-4A98-B9EA-070D549E5EFF}
	EndGlobalSection
EndGlobal
