
Microsoft Visual Studio Solution File, Format Version 12.00
# Visual Studio 15
VisualStudioVersion = 15.0.28010.2003
MinimumVisualStudioVersion = 10.0.40219.1
Project("{FAE04EC0-301F-11D3-BF4B-00C04F79EFBC}") = "DevExtremeAspNetCoreApp1", "DevExtremeAspNetCoreApp1\DevExtremeAspNetCoreApp1.csproj", "{898792E6-6821-43D7-88D5-C8F1026890EE}"
EndProject
Global
	GlobalSection(SolutionConfigurationPlatforms) = preSolution
		Debug|Any CPU = Debug|Any CPU
		Release|Any CPU = Release|Any CPU
	EndGlobalSection
	GlobalSection(ProjectConfigurationPlatforms) = postSolution
		{898792E6-6821-43D7-88D5-C8F1026890EE}.Debug|Any CPU.ActiveCfg = Debug|Any CPU
		{898792E6-6821-43D7-88D5-C8F1026890EE}.Debug|Any CPU.Build.0 = Debug|Any CPU
		{898792E6-6821-43D7-88D5-C8F1026890EE}.Release|Any CPU.ActiveCfg = Release|Any CPU
		{898792E6-6821-43D7-88D5-C8F1026890EE}.Release|Any CPU.Build.0 = Release|Any CPU
	EndGlobalSection
	GlobalSection(SolutionProperties) = preSolution
		HideSolutionNode = FALSE
	EndGlobalSection
	GlobalSection(ExtensibilityGlobals) = postSolution
		SolutionGuid = {E5DFA7B7-4ADD-4464-B883-A5461ABB9C50}
	EndGlobalSection
EndGlobal
